{
  "name": "insight-monorepo",
  "version": "0.1.0",
  "lockfileVersion": 3,
  "requires": true,
  "packages": {
    "": {
      "name": "insight-monorepo",
      "version": "0.1.0",
      "license": "MIT",
      "workspaces": [
        "packages/*"
      ],
      "dependencies": {
        "point.js": "^0.1.0"
      },
      "engines": {
        "node": ">=16.0.0"
      }
    },
    "node_modules/point.js": {
      "resolved": "packages/point.js",
      "link": true
    },
    "packages/point.js": {
      "version": "0.1.0",
      "license": "MIT"
    }
  }
}
